
Microsoft Visual Studio Solution File, Format Version 12.00
# Visual Studio Version 16
VisualStudioVersion = 16.0.30804.86
MinimumVisualStudioVersion = 10.0.40219.1
Project("{FAE04EC0-301F-11D3-BF4B-00C04F79EFBC}") = "FactoryPattern", "FactoryPattern\FactoryPattern.csproj", "{EE61BA31-841D-48E8-895D-011AAA805F1E}"
EndProject
Project("{FAE04EC0-301F-11D3-BF4B-00C04F79EFBC}") = "AbstractFactoryPattern", "AbstractFactoryPattern\AbstractFactoryPattern.csproj", "{5D7DDEE2-3E41-4423-A26F-7E11422F0DAE}"
EndProject
Project("{FAE04EC0-301F-11D3-BF4B-00C04F79EFBC}") = "BuilderPattern", "BuilderPattern\BuilderPattern.csproj", "{F7E5F1DB-8300-4A64-8E2B-506580FB029C}"
EndProject
Project("{FAE04EC0-301F-11D3-BF4B-00C04F79EFBC}") = "PrototypePattern", "PrototypePattern\PrototypePattern.csproj", "{0F9B6F8F-2714-4CE0-83F3-7572C68186CE}"
EndProject
Project("{FAE04EC0-301F-11D3-BF4B-00C04F79EFBC}") = "SingletonPattern", "SingletonPattern\SingletonPattern.csproj", "{A2F6C116-1317-4FD7-BE05-807ABAD4A790}"
EndProject
Global
	GlobalSection(SolutionConfigurationPlatforms) = preSolution
		Debug|Any CPU = Debug|Any CPU
		Release|Any CPU = Release|Any CPU
	EndGlobalSection
	GlobalSection(ProjectConfigurationPlatforms) = postSolution
		{EE61BA31-841D-48E8-895D-011AAA805F1E}.Debug|Any CPU.ActiveCfg = Debug|Any CPU
		{EE61BA31-841D-48E8-895D-011AAA805F1E}.Debug|Any CPU.Build.0 = Debug|Any CPU
		{EE61BA31-841D-48E8-895D-011AAA805F1E}.Release|Any CPU.ActiveCfg = Release|Any CPU
		{EE61BA31-841D-48E8-895D-011AAA805F1E}.Release|Any CPU.Build.0 = Release|Any CPU
		{5D7DDEE2-3E41-4423-A26F-7E11422F0DAE}.Debug|Any CPU.ActiveCfg = Debug|Any CPU
		{5D7DDEE2-3E41-4423-A26F-7E11422F0DAE}.Debug|Any CPU.Build.0 = Debug|Any CPU
		{5D7DDEE2-3E41-4423-A26F-7E11422F0DAE}.Release|Any CPU.ActiveCfg = Release|Any CPU
		{5D7DDEE2-3E41-4423-A26F-7E11422F0DAE}.Release|Any CPU.Build.0 = Release|Any CPU
		{F7E5F1DB-8300-4A64-8E2B-506580FB029C}.Debug|Any CPU.ActiveCfg = Debug|Any CPU
		{F7E5F1DB-8300-4A64-8E2B-506580FB029C}.Debug|Any CPU.Build.0 = Debug|Any CPU
		{F7E5F1DB-8300-4A64-8E2B-506580FB029C}.Release|Any CPU.ActiveCfg = Release|Any CPU
		{F7E5F1DB-8300-4A64-8E2B-506580FB029C}.Release|Any CPU.Build.0 = Release|Any CPU
		{0F9B6F8F-2714-4CE0-83F3-7572C68186CE}.Debug|Any CPU.ActiveCfg = Debug|Any CPU
		{0F9B6F8F-2714-4CE0-83F3-7572C68186CE}.Debug|Any CPU.Build.0 = Debug|Any CPU
		{0F9B6F8F-2714-4CE0-83F3-7572C68186CE}.Release|Any CPU.ActiveCfg = Release|Any CPU
		{0F9B6F8F-2714-4CE0-83F3-7572C68186CE}.Release|Any CPU.Build.0 = Release|Any CPU
		{A2F6C116-1317-4FD7-BE05-807ABAD4A790}.Debug|Any CPU.ActiveCfg = Debug|Any CPU
		{A2F6C116-1317-4FD7-BE05-807ABAD4A790}.Debug|Any CPU.Build.0 = Debug|Any CPU
		{A2F6C116-1317-4FD7-BE05-807ABAD4A790}.Release|Any CPU.ActiveCfg = Release|Any CPU
		{A2F6C116-1317-4FD7-BE05-807ABAD4A790}.Release|Any CPU.Build.0 = Release|Any CPU
	EndGlobalSection
	GlobalSection(SolutionProperties) = preSolution
		HideSolutionNode = FALSE
	EndGlobalSection
	GlobalSection(ExtensibilityGlobals) = postSolution
		SolutionGuid = {889AB1C4-C0DB-4FF9-BAEF-EC1CED3CE8E8}
	EndGlobalSection
EndGlobal
